
Microsoft Visual Studio Solution File, Format Version 12.00
# Visual Studio Version 17
VisualStudioVersion = 17.6.33801.468
MinimumVisualStudioVersion = 10.0.40219.1
Project("{FAE04EC0-301F-11D3-BF4B-00C04F79EFBC}") = "ProductosWeb", "ProductosWeb\ProductosWeb.csproj", "{38708265-B8E1-4BCD-B733-CF721D2CD6DC}"
EndProject
Project("{FAE04EC0-301F-11D3-BF4B-00C04F79EFBC}") = "ConexionDb", "ConexionDb\ConexionDb.csproj", "{96F574FA-876E-4143-9297-A567D529F76B}"
EndProject
Project("{FAE04EC0-301F-11D3-BF4B-00C04F79EFBC}") = "Dominio", "Dominio\Dominio.csproj", "{86E5CC93-58FF-49BA-8F3A-542405E1716D}"
EndProject
Global
	GlobalSection(SolutionConfigurationPlatforms) = preSolution
		Debug|Any CPU = Debug|Any CPU
		Release|Any CPU = Release|Any CPU
	EndGlobalSection
	GlobalSection(ProjectConfigurationPlatforms) = postSolution
		{38708265-B8E1-4BCD-B733-CF721D2CD6DC}.Debug|Any CPU.ActiveCfg = Debug|Any CPU
		{38708265-B8E1-4BCD-B733-CF721D2CD6DC}.Debug|Any CPU.Build.0 = Debug|Any CPU
		{38708265-B8E1-4BCD-B733-CF721D2CD6DC}.Release|Any CPU.ActiveCfg = Release|Any CPU
		{38708265-B8E1-4BCD-B733-CF721D2CD6DC}.Release|Any CPU.Build.0 = Release|Any CPU
		{96F574FA-876E-4143-9297-A567D529F76B}.Debug|Any CPU.ActiveCfg = Debug|Any CPU
		{96F574FA-876E-4143-9297-A567D529F76B}.Debug|Any CPU.Build.0 = Debug|Any CPU
		{96F574FA-876E-4143-9297-A567D529F76B}.Release|Any CPU.ActiveCfg = Release|Any CPU
		{96F574FA-876E-4143-9297-A567D529F76B}.Release|Any CPU.Build.0 = Release|Any CPU
		{86E5CC93-58FF-49BA-8F3A-542405E1716D}.Debug|Any CPU.ActiveCfg = Debug|Any CPU
		{86E5CC93-58FF-49BA-8F3A-542405E1716D}.Debug|Any CPU.Build.0 = Debug|Any CPU
		{86E5CC93-58FF-49BA-8F3A-542405E1716D}.Release|Any CPU.ActiveCfg = Release|Any CPU
		{86E5CC93-58FF-49BA-8F3A-542405E1716D}.Release|Any CPU.Build.0 = Release|Any CPU
	EndGlobalSection
	GlobalSection(SolutionProperties) = preSolution
		HideSolutionNode = FALSE
	EndGlobalSection
	GlobalSection(ExtensibilityGlobals) = postSolution
		SolutionGuid = {108AEEF4-E66C-48FE-8111-94540D2985D9}
	EndGlobalSection
EndGlobal
